
Microsoft Visual Studio Solution File, Format Version 12.00
# Visual Studio Version 17
VisualStudioVersion = 17.11.35222.181
MinimumVisualStudioVersion = 10.0.40219.1
Project("{2150E333-8FDC-42A3-9474-1A3956D46DE8}") = "tests", "tests", "{02EA681E-C7D8-13C7-8484-4AC65E1B71E8}"
EndProject
Project("{2150E333-8FDC-42A3-9474-1A3956D46DE8}") = "src", "src", "{E03974F4-FDD3-4A9C-9E70-9053064C5A5C}"
EndProject
Project("{FAE04EC0-301F-11D3-BF4B-00C04F79EFBC}") = "Hotelss.API", "src\Hotelss.API\Hotelss.API.csproj", "{56B658A0-EA31-0453-F7EE-34B1FD95EAFF}"
EndProject
Project("{FAE04EC0-301F-11D3-BF4B-00C04F79EFBC}") = "Hotelss.Application", "src\Hotelss.Application\Hotelss.Application.csproj", "{407DE985-4619-9535-3D1E-2C770E6A3A1B}"
EndProject
Project("{FAE04EC0-301F-11D3-BF4B-00C04F79EFBC}") = "Hotelss.Infrastructure", "src\Hotelss.Infrastructure\Hotelss.Infrastructure.csproj", "{8C5D9364-D38B-8247-C0E7-DB79C51A16ED}"
EndProject
Project("{FAE04EC0-301F-11D3-BF4B-00C04F79EFBC}") = "Hotelss.Domain", "src\Hotelss.Domain\Hotelss.Domain.csproj", "{6224420B-12CE-C9AF-212E-82856FE13B20}"
EndProject
Project("{FAE04EC0-301F-11D3-BF4B-00C04F79EFBC}") = "Hotelss.Application.Tests", "tests\Hotelss.Application.Tests\Hotelss.Application.Tests.csproj", "{DE836093-34A6-C60B-2BA2-811FE0178CA9}"
EndProject
Project("{FAE04EC0-301F-11D3-BF4B-00C04F79EFBC}") = "Hotelss.Infrastructure.Tests", "tests\Hotelss.Infrastructure.Tests\Hotelss.Infrastructure.Tests.csproj", "{A715C5FF-D6D2-F362-E564-8174E1587D16}"
EndProject
Project("{FAE04EC0-301F-11D3-BF4B-00C04F79EFBC}") = "Hotelss.API.Tests", "tests\Hotelss.API.Tests\Hotelss.API.Tests.csproj", "{27A54A25-EF10-CE9C-91FE-4F2DFF66C19E}"
EndProject
Global
	GlobalSection(SolutionConfigurationPlatforms) = preSolution
		Debug|Any CPU = Debug|Any CPU
		Release|Any CPU = Release|Any CPU
	EndGlobalSection
	GlobalSection(ProjectConfigurationPlatforms) = postSolution
		{56B658A0-EA31-0453-F7EE-34B1FD95EAFF}.Debug|Any CPU.ActiveCfg = Debug|Any CPU
		{56B658A0-EA31-0453-F7EE-34B1FD95EAFF}.Debug|Any CPU.Build.0 = Debug|Any CPU
		{56B658A0-EA31-0453-F7EE-34B1FD95EAFF}.Release|Any CPU.ActiveCfg = Release|Any CPU
		{56B658A0-EA31-0453-F7EE-34B1FD95EAFF}.Release|Any CPU.Build.0 = Release|Any CPU
		{407DE985-4619-9535-3D1E-2C770E6A3A1B}.Debug|Any CPU.ActiveCfg = Debug|Any CPU
		{407DE985-4619-9535-3D1E-2C770E6A3A1B}.Debug|Any CPU.Build.0 = Debug|Any CPU
		{407DE985-4619-9535-3D1E-2C770E6A3A1B}.Release|Any CPU.ActiveCfg = Release|Any CPU
		{407DE985-4619-9535-3D1E-2C770E6A3A1B}.Release|Any CPU.Build.0 = Release|Any CPU
		{8C5D9364-D38B-8247-C0E7-DB79C51A16ED}.Debug|Any CPU.ActiveCfg = Debug|Any CPU
		{8C5D9364-D38B-8247-C0E7-DB79C51A16ED}.Debug|Any CPU.Build.0 = Debug|Any CPU
		{8C5D9364-D38B-8247-C0E7-DB79C51A16ED}.Release|Any CPU.ActiveCfg = Release|Any CPU
		{8C5D9364-D38B-8247-C0E7-DB79C51A16ED}.Release|Any CPU.Build.0 = Release|Any CPU
		{6224420B-12CE-C9AF-212E-82856FE13B20}.Debug|Any CPU.ActiveCfg = Debug|Any CPU
		{6224420B-12CE-C9AF-212E-82856FE13B20}.Debug|Any CPU.Build.0 = Debug|Any CPU
		{6224420B-12CE-C9AF-212E-82856FE13B20}.Release|Any CPU.ActiveCfg = Release|Any CPU
		{6224420B-12CE-C9AF-212E-82856FE13B20}.Release|Any CPU.Build.0 = Release|Any CPU
		{DE836093-34A6-C60B-2BA2-811FE0178CA9}.Debug|Any CPU.ActiveCfg = Debug|Any CPU
		{DE836093-34A6-C60B-2BA2-811FE0178CA9}.Debug|Any CPU.Build.0 = Debug|Any CPU
		{DE836093-34A6-C60B-2BA2-811FE0178CA9}.Release|Any CPU.ActiveCfg = Release|Any CPU
		{DE836093-34A6-C60B-2BA2-811FE0178CA9}.Release|Any CPU.Build.0 = Release|Any CPU
		{A715C5FF-D6D2-F362-E564-8174E1587D16}.Debug|Any CPU.ActiveCfg = Debug|Any CPU
		{A715C5FF-D6D2-F362-E564-8174E1587D16}.Debug|Any CPU.Build.0 = Debug|Any CPU
		{A715C5FF-D6D2-F362-E564-8174E1587D16}.Release|Any CPU.ActiveCfg = Release|Any CPU
		{A715C5FF-D6D2-F362-E564-8174E1587D16}.Release|Any CPU.Build.0 = Release|Any CPU
		{27A54A25-EF10-CE9C-91FE-4F2DFF66C19E}.Debug|Any CPU.ActiveCfg = Debug|Any CPU
		{27A54A25-EF10-CE9C-91FE-4F2DFF66C19E}.Debug|Any CPU.Build.0 = Debug|Any CPU
		{27A54A25-EF10-CE9C-91FE-4F2DFF66C19E}.Release|Any CPU.ActiveCfg = Release|Any CPU
		{27A54A25-EF10-CE9C-91FE-4F2DFF66C19E}.Release|Any CPU.Build.0 = Release|Any CPU
	EndGlobalSection
	GlobalSection(SolutionProperties) = preSolution
		HideSolutionNode = FALSE
	EndGlobalSection
	GlobalSection(NestedProjects) = preSolution
		{56B658A0-EA31-0453-F7EE-34B1FD95EAFF} = {E03974F4-FDD3-4A9C-9E70-9053064C5A5C}
		{407DE985-4619-9535-3D1E-2C770E6A3A1B} = {E03974F4-FDD3-4A9C-9E70-9053064C5A5C}
		{8C5D9364-D38B-8247-C0E7-DB79C51A16ED} = {E03974F4-FDD3-4A9C-9E70-9053064C5A5C}
		{6224420B-12CE-C9AF-212E-82856FE13B20} = {E03974F4-FDD3-4A9C-9E70-9053064C5A5C}
		{DE836093-34A6-C60B-2BA2-811FE0178CA9} = {02EA681E-C7D8-13C7-8484-4AC65E1B71E8}
		{A715C5FF-D6D2-F362-E564-8174E1587D16} = {02EA681E-C7D8-13C7-8484-4AC65E1B71E8}
		{27A54A25-EF10-CE9C-91FE-4F2DFF66C19E} = {02EA681E-C7D8-13C7-8484-4AC65E1B71E8}
	EndGlobalSection
	GlobalSection(ExtensibilityGlobals) = postSolution
		SolutionGuid = {099A4A08-10BD-488A-9AD5-6BC8F2D2FBE8}
	EndGlobalSection
EndGlobal
